
Microsoft Visual Studio Solution File, Format Version 12.00
# Visual Studio Version 16
VisualStudioVersion = 16.0.28803.156
MinimumVisualStudioVersion = 10.0.40219.1
Project("{9A19103F-16F7-4668-BE54-9A1E7A4F7556}") = "GreetingCards.Core", "GreetingCards.Core\GreetingCards.Core.csproj", "{EB1CC8D2-2F66-4FFD-BC59-3A044ADE3643}"
EndProject
Project("{FAE04EC0-301F-11D3-BF4B-00C04F79EFBC}") = "GreetingCards.Tests", "GreetingCards.Tests\GreetingCards.Tests.csproj", "{8F409866-F566-48B6-A6C4-728018E41BEA}"
EndProject
Global
	GlobalSection(SolutionConfigurationPlatforms) = preSolution
		Debug|Any CPU = Debug|Any CPU
		Release|Any CPU = Release|Any CPU
	EndGlobalSection
	GlobalSection(ProjectConfigurationPlatforms) = postSolution
		{EB1CC8D2-2F66-4FFD-BC59-3A044ADE3643}.Debug|Any CPU.ActiveCfg = Debug|Any CPU
		{EB1CC8D2-2F66-4FFD-BC59-3A044ADE3643}.Debug|Any CPU.Build.0 = Debug|Any CPU
		{EB1CC8D2-2F66-4FFD-BC59-3A044ADE3643}.Release|Any CPU.ActiveCfg = Release|Any CPU
		{EB1CC8D2-2F66-4FFD-BC59-3A044ADE3643}.Release|Any CPU.Build.0 = Release|Any CPU
		{8F409866-F566-48B6-A6C4-728018E41BEA}.Debug|Any CPU.ActiveCfg = Debug|Any CPU
		{8F409866-F566-48B6-A6C4-728018E41BEA}.Debug|Any CPU.Build.0 = Debug|Any CPU
		{8F409866-F566-48B6-A6C4-728018E41BEA}.Release|Any CPU.ActiveCfg = Release|Any CPU
		{8F409866-F566-48B6-A6C4-728018E41BEA}.Release|Any CPU.Build.0 = Release|Any CPU
	EndGlobalSection
	GlobalSection(SolutionProperties) = preSolution
		HideSolutionNode = FALSE
	EndGlobalSection
	GlobalSection(ExtensibilityGlobals) = postSolution
		SolutionGuid = {CAEA6996-99B8-4B6D-A029-4B1068F5FB0C}
	EndGlobalSection
EndGlobal
